# This file is automatically @generated by Poetry 1.5.1 and should not be changed by hand.

[[package]]
name = "asgiref"
version = "3.7.2"
description = "ASGI specs, helper code, and adapters"
optional = false
python-versions = ">=3.7"
files = [
    {file = "asgiref-3.7.2-py3-none-any.whl", hash = "sha256:89b2ef2247e3b562a16eef663bc0e2e703ec6468e2fa8a5cd61cd449786d4f6e"},
    {file = "asgiref-3.7.2.tar.gz", hash = "sha256:9e0ce3aa93a819ba5b45120216b23878cf6e8525eb3848653452b4192b92afed"},
]

[package.extras]
tests = ["mypy (>=0.800)", "pytest", "pytest-asyncio"]

[[package]]
name = "django"
version = "5.0.3"
description = "A high-level Python web framework that encourages rapid development and clean, pragmatic design."
optional = false
python-versions = ">=3.10"
files = [
    {file = "Django-5.0.3-py3-none-any.whl", hash = "sha256:5c7d748ad113a81b2d44750ccc41edc14e933f56581683db548c9257e078cc83"},
    {file = "Django-5.0.3.tar.gz", hash = "sha256:5fb37580dcf4a262f9258c1f4373819aacca906431f505e4688e37f3a99195df"},
]

[package.dependencies]
asgiref = ">=3.7.0,<4"
sqlparse = ">=0.3.1"
tzdata = {version = "*", markers = "sys_platform == \"win32\""}

[package.extras]
argon2 = ["argon2-cffi (>=19.1.0)"]
bcrypt = ["bcrypt"]

[[package]]
name = "django-stubs"
version = "4.2.7"
description = "Mypy stubs for Django"
optional = false
python-versions = ">=3.8"
files = [
    {file = "django-stubs-4.2.7.tar.gz", hash = "sha256:8ccd2ff4ee5adf22b9e3b7b1a516d2e1c2191e9d94e672c35cc2bc3dd61e0f6b"},
    {file = "django_stubs-4.2.7-py3-none-any.whl", hash = "sha256:4cf4de258fa71adc6f2799e983091b9d46cfc67c6eebc68fe111218c9a62b3b8"},
]

[package.dependencies]
django = "*"
django-stubs-ext = ">=4.2.7"
types-pytz = "*"
types-PyYAML = "*"
typing-extensions = "*"

[package.extras]
compatible-mypy = ["mypy (>=1.7.0,<1.8.0)"]

[[package]]
name = "django-stubs-ext"
version = "4.2.7"
description = "Monkey-patching and extensions for django-stubs"
optional = false
python-versions = ">=3.8"
files = [
    {file = "django-stubs-ext-4.2.7.tar.gz", hash = "sha256:519342ac0849cda1559746c9a563f03ff99f636b0ebe7c14b75e816a00dfddc3"},
    {file = "django_stubs_ext-4.2.7-py3-none-any.whl", hash = "sha256:45a5d102417a412e3606e3c358adb4744988a92b7b58ccf3fd64bddd5d04d14c"},
]

[package.dependencies]
django = "*"
typing-extensions = "*"

[[package]]
name = "gunicorn"
version = "21.2.0"
description = "WSGI HTTP Server for UNIX"
optional = false
python-versions = ">=3.5"
files = [
    {file = "gunicorn-21.2.0-py3-none-any.whl", hash = "sha256:3213aa5e8c24949e792bcacfc176fef362e7aac80b76c56f6b5122bf350722f0"},
    {file = "gunicorn-21.2.0.tar.gz", hash = "sha256:88ec8bff1d634f98e61b9f65bc4bf3cd918a90806c6f5c48bc5603849ec81033"},
]

[package.dependencies]
packaging = "*"

[package.extras]
eventlet = ["eventlet (>=0.24.1)"]
gevent = ["gevent (>=1.4.0)"]
setproctitle = ["setproctitle"]
tornado = ["tornado (>=0.2)"]

[[package]]
name = "packaging"
version = "24.0"
description = "Core utilities for Python packages"
optional = false
python-versions = ">=3.7"
files = [
    {file = "packaging-24.0-py3-none-any.whl", hash = "sha256:2ddfb553fdf02fb784c234c7ba6ccc288296ceabec964ad2eae3777778130bc5"},
    {file = "packaging-24.0.tar.gz", hash = "sha256:eb82c5e3e56209074766e6885bb04b8c38a0c015d0a30036ebe7ece34c9989e9"},
]

[[package]]
name = "sqlparse"
version = "0.4.4"
description = "A non-validating SQL parser."
optional = false
python-versions = ">=3.5"
files = [
    {file = "sqlparse-0.4.4-py3-none-any.whl", hash = "sha256:5430a4fe2ac7d0f93e66f1efc6e1338a41884b7ddf2a350cedd20ccc4d9d28f3"},
    {file = "sqlparse-0.4.4.tar.gz", hash = "sha256:d446183e84b8349fa3061f0fe7f06ca94ba65b426946ffebe6e3e8295332420c"},
]

[package.extras]
dev = ["build", "flake8"]
doc = ["sphinx"]
test = ["pytest", "pytest-cov"]

[[package]]
name = "types-pytz"
version = "2024.1.0.20240203"
description = "Typing stubs for pytz"
optional = false
python-versions = ">=3.8"
files = [
    {file = "types-pytz-2024.1.0.20240203.tar.gz", hash = "sha256:c93751ee20dfc6e054a0148f8f5227b9a00b79c90a4d3c9f464711a73179c89e"},
    {file = "types_pytz-2024.1.0.20240203-py3-none-any.whl", hash = "sha256:9679eef0365db3af91ef7722c199dbb75ee5c1b67e3c4dd7bfbeb1b8a71c21a3"},
]

[[package]]
name = "types-pyyaml"
version = "6.0.12.20240311"
description = "Typing stubs for PyYAML"
optional = false
python-versions = ">=3.8"
files = [
    {file = "types-PyYAML-6.0.12.20240311.tar.gz", hash = "sha256:a9e0f0f88dc835739b0c1ca51ee90d04ca2a897a71af79de9aec5f38cb0a5342"},
    {file = "types_PyYAML-6.0.12.20240311-py3-none-any.whl", hash = "sha256:b845b06a1c7e54b8e5b4c683043de0d9caf205e7434b3edc678ff2411979b8f6"},
]

[[package]]
name = "typing-extensions"
version = "4.10.0"
description = "Backported and Experimental Type Hints for Python 3.8+"
optional = false
python-versions = ">=3.8"
files = [
    {file = "typing_extensions-4.10.0-py3-none-any.whl", hash = "sha256:69b1a937c3a517342112fb4c6df7e72fc39a38e7891a5730ed4985b5214b5475"},
    {file = "typing_extensions-4.10.0.tar.gz", hash = "sha256:b0abd7c89e8fb96f98db18d86106ff1d90ab692004eb746cf6eda2682f91b3cb"},
]

[[package]]
name = "tzdata"
version = "2024.1"
description = "Provider of IANA time zone data"
optional = false
python-versions = ">=2"
files = [
    {file = "tzdata-2024.1-py2.py3-none-any.whl", hash = "sha256:9068bc196136463f5245e51efda838afa15aaeca9903f49050dfa2679db4d252"},
    {file = "tzdata-2024.1.tar.gz", hash = "sha256:2674120f8d891909751c38abcdfd386ac0a5a1127954fbc332af6b5ceae07efd"},
]

[metadata]
lock-version = "2.0"
python-versions = "^3.11"
content-hash = "62836f351fee73cf4537ff6ac27fbd2c6679f1b4cf8834ea5e745cd95556a664"
